
Microsoft Visual Studio Solution File, Format Version 12.00
# Visual Studio Version 16
VisualStudioVersion = 16.0.31613.86
MinimumVisualStudioVersion = 10.0.40219.1
Project("{FAE04EC0-301F-11D3-BF4B-00C04F79EFBC}") = "Desafio_04", "Desafio_04\Desafio_04.csproj", "{3855E2EF-A016-4BA0-889C-DD31EA3E7589}"
EndProject
Global
	GlobalSection(SolutionConfigurationPlatforms) = preSolution
		Debug|Any CPU = Debug|Any CPU
		Release|Any CPU = Release|Any CPU
	EndGlobalSection
	GlobalSection(ProjectConfigurationPlatforms) = postSolution
		{3855E2EF-A016-4BA0-889C-DD31EA3E7589}.Debug|Any CPU.ActiveCfg = Debug|Any CPU
		{3855E2EF-A016-4BA0-889C-DD31EA3E7589}.Debug|Any CPU.Build.0 = Debug|Any CPU
		{3855E2EF-A016-4BA0-889C-DD31EA3E7589}.Release|Any CPU.ActiveCfg = Release|Any CPU
		{3855E2EF-A016-4BA0-889C-DD31EA3E7589}.Release|Any CPU.Build.0 = Release|Any CPU
	EndGlobalSection
	GlobalSection(SolutionProperties) = preSolution
		HideSolutionNode = FALSE
	EndGlobalSection
	GlobalSection(ExtensibilityGlobals) = postSolution
		SolutionGuid = {1F2D81C6-9082-4820-9A18-F43DF70B6544}
	EndGlobalSection
EndGlobal
